
Microsoft Visual Studio Solution File, Format Version 12.00
# Visual Studio Version 16
VisualStudioVersion = 16.0.30309.148
MinimumVisualStudioVersion = 10.0.40219.1
Project("{2150E333-8FDC-42A3-9474-1A3956D46DE8}") = "1-Agnostic", "1-Agnostic", "{D7FF5CCC-7E71-4148-A64A-AAF37E777D6E}"
EndProject
Project("{9A19103F-16F7-4668-BE54-9A1E7A4F7556}") = "Agnostic.Core", "1-Agnostic\Core\Agnostic.Core.csproj", "{6E77DBE1-6820-4844-8162-B2346964C259}"
EndProject
Project("{9A19103F-16F7-4668-BE54-9A1E7A4F7556}") = "Agnostic.UI", "1-Agnostic\Ui\Agnostic.UI.csproj", "{8C08E668-2A65-48E8-BA26-5B826D1A5896}"
EndProject
Project("{2150E333-8FDC-42A3-9474-1A3956D46DE8}") = "2-Semantic", "2-Semantic", "{6BD2FF0F-0B03-44BA-94AC-64AA7515C15B}"
EndProject
Project("{2150E333-8FDC-42A3-9474-1A3956D46DE8}") = "3-Application", "3-Application", "{FE45A5FB-9A22-499D-B0BE-3221A8A692CA}"
EndProject
Project("{2150E333-8FDC-42A3-9474-1A3956D46DE8}") = "4-Plugin", "4-Plugin", "{7B88C9A4-1AE4-4E16-A0B1-5672B36B7E37}"
EndProject
Project("{2150E333-8FDC-42A3-9474-1A3956D46DE8}") = "5-Test", "5-Test", "{F313A634-779E-4650-BF6B-ECF9C98A8B28}"
EndProject
Project("{9A19103F-16F7-4668-BE54-9A1E7A4F7556}") = "Semantic.UI", "2-Semantic\Ui\Semantic.UI.csproj", "{FD5247B1-2D05-4F4D-88A6-721790D7A437}"
EndProject
Project("{9A19103F-16F7-4668-BE54-9A1E7A4F7556}") = "Demo.Structure", "3-Application\Demo.Structure\Demo.Structure.csproj", "{4A33B2BE-9BBC-4A6A-B40F-521FFF32273F}"
EndProject
Project("{9A19103F-16F7-4668-BE54-9A1E7A4F7556}") = "Semantic.PluginSystem", "2-Semantic\PluginSystem\Semantic.PluginSystem.csproj", "{67B5C227-540E-4876-8F99-D310163E907C}"
EndProject
Project("{9A19103F-16F7-4668-BE54-9A1E7A4F7556}") = "Plugin.AssemblyExplorer", "4-Plugin\Plugin.AssemblyExplorer\Plugin.AssemblyExplorer.csproj", "{A993AF0B-EB0A-4EFA-A615-6A729DD2F31E}"
EndProject
Project("{9A19103F-16F7-4668-BE54-9A1E7A4F7556}") = "Plugin.Oracle", "4-Plugin\Plugin.Oracle\Plugin.Oracle.csproj", "{7E8CCB50-24B1-4E7F-B3EF-1DB7F1E6C2AD}"
EndProject
Project("{9A19103F-16F7-4668-BE54-9A1E7A4F7556}") = "Test.Plugin", "5-Test\Plugins\Test.Plugin.csproj", "{DCE3CA98-0E01-4A9A-82A0-108F425DD730}"
EndProject
Project("{9A19103F-16F7-4668-BE54-9A1E7A4F7556}") = "Test.Plugin.Ui", "5-Test\Ui\Test.Plugin.Ui\Test.Plugin.Ui.csproj", "{6F54BF08-3722-4D1E-BE2F-4C73CAD2555A}"
EndProject
Project("{9A19103F-16F7-4668-BE54-9A1E7A4F7556}") = "Plugin.UI.ModalBox", "4-Plugin\Plugin.UI\Plugin.UI.ModalBox\Plugin.UI.ModalBox.csproj", "{D9BBC5C0-3FB0-4A3A-B3FE-84EAAF24B6DF}"
EndProject
Project("{9A19103F-16F7-4668-BE54-9A1E7A4F7556}") = "Plugin.UI.EmbeddedControl", "4-Plugin\Plugin.UI\Plugin.UI.EmbeddedControl\Plugin.UI.EmbeddedControl.csproj", "{3BEC46CB-9B87-4588-BE45-E2532EAEFC49}"
EndProject
Global
	GlobalSection(SolutionConfigurationPlatforms) = preSolution
		Debug|Any CPU = Debug|Any CPU
		Release|Any CPU = Release|Any CPU
	EndGlobalSection
	GlobalSection(ProjectConfigurationPlatforms) = postSolution
		{6E77DBE1-6820-4844-8162-B2346964C259}.Debug|Any CPU.ActiveCfg = Debug|Any CPU
		{6E77DBE1-6820-4844-8162-B2346964C259}.Debug|Any CPU.Build.0 = Debug|Any CPU
		{6E77DBE1-6820-4844-8162-B2346964C259}.Release|Any CPU.ActiveCfg = Release|Any CPU
		{6E77DBE1-6820-4844-8162-B2346964C259}.Release|Any CPU.Build.0 = Release|Any CPU
		{8C08E668-2A65-48E8-BA26-5B826D1A5896}.Debug|Any CPU.ActiveCfg = Debug|Any CPU
		{8C08E668-2A65-48E8-BA26-5B826D1A5896}.Debug|Any CPU.Build.0 = Debug|Any CPU
		{8C08E668-2A65-48E8-BA26-5B826D1A5896}.Release|Any CPU.ActiveCfg = Release|Any CPU
		{8C08E668-2A65-48E8-BA26-5B826D1A5896}.Release|Any CPU.Build.0 = Release|Any CPU
		{FD5247B1-2D05-4F4D-88A6-721790D7A437}.Debug|Any CPU.ActiveCfg = Debug|Any CPU
		{FD5247B1-2D05-4F4D-88A6-721790D7A437}.Debug|Any CPU.Build.0 = Debug|Any CPU
		{FD5247B1-2D05-4F4D-88A6-721790D7A437}.Release|Any CPU.ActiveCfg = Release|Any CPU
		{FD5247B1-2D05-4F4D-88A6-721790D7A437}.Release|Any CPU.Build.0 = Release|Any CPU
		{4A33B2BE-9BBC-4A6A-B40F-521FFF32273F}.Debug|Any CPU.ActiveCfg = Debug|Any CPU
		{4A33B2BE-9BBC-4A6A-B40F-521FFF32273F}.Debug|Any CPU.Build.0 = Debug|Any CPU
		{4A33B2BE-9BBC-4A6A-B40F-521FFF32273F}.Release|Any CPU.ActiveCfg = Release|Any CPU
		{4A33B2BE-9BBC-4A6A-B40F-521FFF32273F}.Release|Any CPU.Build.0 = Release|Any CPU
		{67B5C227-540E-4876-8F99-D310163E907C}.Debug|Any CPU.ActiveCfg = Debug|Any CPU
		{67B5C227-540E-4876-8F99-D310163E907C}.Debug|Any CPU.Build.0 = Debug|Any CPU
		{67B5C227-540E-4876-8F99-D310163E907C}.Release|Any CPU.ActiveCfg = Release|Any CPU
		{67B5C227-540E-4876-8F99-D310163E907C}.Release|Any CPU.Build.0 = Release|Any CPU
		{A993AF0B-EB0A-4EFA-A615-6A729DD2F31E}.Debug|Any CPU.ActiveCfg = Debug|Any CPU
		{A993AF0B-EB0A-4EFA-A615-6A729DD2F31E}.Debug|Any CPU.Build.0 = Debug|Any CPU
		{A993AF0B-EB0A-4EFA-A615-6A729DD2F31E}.Release|Any CPU.ActiveCfg = Release|Any CPU
		{A993AF0B-EB0A-4EFA-A615-6A729DD2F31E}.Release|Any CPU.Build.0 = Release|Any CPU
		{7E8CCB50-24B1-4E7F-B3EF-1DB7F1E6C2AD}.Debug|Any CPU.ActiveCfg = Debug|Any CPU
		{7E8CCB50-24B1-4E7F-B3EF-1DB7F1E6C2AD}.Debug|Any CPU.Build.0 = Debug|Any CPU
		{7E8CCB50-24B1-4E7F-B3EF-1DB7F1E6C2AD}.Release|Any CPU.ActiveCfg = Release|Any CPU
		{7E8CCB50-24B1-4E7F-B3EF-1DB7F1E6C2AD}.Release|Any CPU.Build.0 = Release|Any CPU
		{DCE3CA98-0E01-4A9A-82A0-108F425DD730}.Debug|Any CPU.ActiveCfg = Debug|Any CPU
		{DCE3CA98-0E01-4A9A-82A0-108F425DD730}.Debug|Any CPU.Build.0 = Debug|Any CPU
		{DCE3CA98-0E01-4A9A-82A0-108F425DD730}.Release|Any CPU.ActiveCfg = Release|Any CPU
		{DCE3CA98-0E01-4A9A-82A0-108F425DD730}.Release|Any CPU.Build.0 = Release|Any CPU
		{6F54BF08-3722-4D1E-BE2F-4C73CAD2555A}.Debug|Any CPU.ActiveCfg = Debug|Any CPU
		{6F54BF08-3722-4D1E-BE2F-4C73CAD2555A}.Debug|Any CPU.Build.0 = Debug|Any CPU
		{6F54BF08-3722-4D1E-BE2F-4C73CAD2555A}.Release|Any CPU.ActiveCfg = Release|Any CPU
		{6F54BF08-3722-4D1E-BE2F-4C73CAD2555A}.Release|Any CPU.Build.0 = Release|Any CPU
		{D9BBC5C0-3FB0-4A3A-B3FE-84EAAF24B6DF}.Debug|Any CPU.ActiveCfg = Debug|Any CPU
		{D9BBC5C0-3FB0-4A3A-B3FE-84EAAF24B6DF}.Debug|Any CPU.Build.0 = Debug|Any CPU
		{D9BBC5C0-3FB0-4A3A-B3FE-84EAAF24B6DF}.Release|Any CPU.ActiveCfg = Release|Any CPU
		{D9BBC5C0-3FB0-4A3A-B3FE-84EAAF24B6DF}.Release|Any CPU.Build.0 = Release|Any CPU
		{3BEC46CB-9B87-4588-BE45-E2532EAEFC49}.Debug|Any CPU.ActiveCfg = Debug|Any CPU
		{3BEC46CB-9B87-4588-BE45-E2532EAEFC49}.Debug|Any CPU.Build.0 = Debug|Any CPU
		{3BEC46CB-9B87-4588-BE45-E2532EAEFC49}.Release|Any CPU.ActiveCfg = Release|Any CPU
		{3BEC46CB-9B87-4588-BE45-E2532EAEFC49}.Release|Any CPU.Build.0 = Release|Any CPU
	EndGlobalSection
	GlobalSection(SolutionProperties) = preSolution
		HideSolutionNode = FALSE
	EndGlobalSection
	GlobalSection(NestedProjects) = preSolution
		{6E77DBE1-6820-4844-8162-B2346964C259} = {D7FF5CCC-7E71-4148-A64A-AAF37E777D6E}
		{8C08E668-2A65-48E8-BA26-5B826D1A5896} = {D7FF5CCC-7E71-4148-A64A-AAF37E777D6E}
		{FD5247B1-2D05-4F4D-88A6-721790D7A437} = {6BD2FF0F-0B03-44BA-94AC-64AA7515C15B}
		{4A33B2BE-9BBC-4A6A-B40F-521FFF32273F} = {FE45A5FB-9A22-499D-B0BE-3221A8A692CA}
		{67B5C227-540E-4876-8F99-D310163E907C} = {6BD2FF0F-0B03-44BA-94AC-64AA7515C15B}
		{A993AF0B-EB0A-4EFA-A615-6A729DD2F31E} = {7B88C9A4-1AE4-4E16-A0B1-5672B36B7E37}
		{7E8CCB50-24B1-4E7F-B3EF-1DB7F1E6C2AD} = {7B88C9A4-1AE4-4E16-A0B1-5672B36B7E37}
		{DCE3CA98-0E01-4A9A-82A0-108F425DD730} = {F313A634-779E-4650-BF6B-ECF9C98A8B28}
		{6F54BF08-3722-4D1E-BE2F-4C73CAD2555A} = {F313A634-779E-4650-BF6B-ECF9C98A8B28}
		{D9BBC5C0-3FB0-4A3A-B3FE-84EAAF24B6DF} = {7B88C9A4-1AE4-4E16-A0B1-5672B36B7E37}
		{3BEC46CB-9B87-4588-BE45-E2532EAEFC49} = {7B88C9A4-1AE4-4E16-A0B1-5672B36B7E37}
	EndGlobalSection
	GlobalSection(ExtensibilityGlobals) = postSolution
		SolutionGuid = {748AE680-2914-4777-8DD9-73C53395892D}
	EndGlobalSection
EndGlobal
